
Microsoft Visual Studio Solution File, Format Version 12.00
Project("{FAE04EC0-301F-11D3-BF4B-00C04F79EFBC}") = "CompreFace.Sdk", "CompreFace.Sdk\CompreFace.Sdk.csproj", "{3B336A6D-8BE4-48B6-9C07-7878AED5FB98}"
EndProject
Project("{FAE04EC0-301F-11D3-BF4B-00C04F79EFBC}") = "CompreFace.Sdk.Tests", "CompreFace.Sdk.Tests\CompreFace.Sdk.Tests.csproj", "{AF27ACC5-0D90-4642-9962-8215BC36A1EC}"
EndProject
Project("{FAE04EC0-301F-11D3-BF4B-00C04F79EFBC}") = "WebCamCF", "WebCamCF\WebCamCF.csproj", "{AB9B5F7D-7F64-446F-8CFA-6BA9E2263F60}"
EndProject
Project("{FAE04EC0-301F-11D3-BF4B-00C04F79EFBC}") = "Webcam", "Webcam\Webcam.csproj", "{ED0C406A-DF7A-46D9-BE68-0425E329DA2F}"
EndProject
Project("{FAE04EC0-301F-11D3-BF4B-00C04F79EFBC}") = "ImageRunner", "ImageRunner\ImageRunner.csproj", "{2855382F-17EB-4CC9-97DF-2FEA535E02E0}"
EndProject
Project("{FAE04EC0-301F-11D3-BF4B-00C04F79EFBC}") = "ObjectDetector.WebApi", "ObjectDetector.WebApi\ObjectDetector.WebApi.csproj", "{A067D862-81D5-4A92-8DCE-247BDCE28E7F}"
EndProject
Project("{FAE04EC0-301F-11D3-BF4B-00C04F79EFBC}") = "ObjectDetector", "ObjectDetector\ObjectDetector.csproj", "{0D5934F9-45EE-4415-9204-23A63ED52EA2}"
EndProject
Project("{FAE04EC0-301F-11D3-BF4B-00C04F79EFBC}") = "ObjectDetector.Yolo.Onnx", "ObjectDetector.Yolo.Onnx\ObjectDetector.Yolo.Onnx.csproj", "{06B1208A-A1B7-4945-958D-876EB966D70A}"
EndProject
Project("{2150E333-8FDC-42A3-9474-1A3956D46DE8}") = "Modules", "Modules", "{5F89E7D3-8B82-4B9A-9B83-92ABDF2C760B}"
EndProject
Project("{2150E333-8FDC-42A3-9474-1A3956D46DE8}") = "Source", "Source", "{25EF701F-4A51-4B42-9468-CD884452D738}"
EndProject
Project("{2150E333-8FDC-42A3-9474-1A3956D46DE8}") = "Tests", "Tests", "{CA1C59C4-7056-40B0-B784-E335E6175C2C}"
EndProject
Project("{2150E333-8FDC-42A3-9474-1A3956D46DE8}") = "Services", "Services", "{931A47EA-A1CB-46B3-BEC0-D79968614689}"
EndProject
Project("{FAE04EC0-301F-11D3-BF4B-00C04F79EFBC}") = "Yolo.Core", "Yolo.Core\Yolo.Core.csproj", "{295EA63C-9A9B-4A03-9EF5-C3EBD2E0C2FD}"
EndProject
Project("{FAE04EC0-301F-11D3-BF4B-00C04F79EFBC}") = "WebcamYolo", "WebcamYolo\WebcamYolo.csproj", "{0DA97365-BAC1-4470-AE1A-946D5D3B14DE}"
EndProject
Project("{FAE04EC0-301F-11D3-BF4B-00C04F79EFBC}") = "ObjectDetector.Yolo.TF", "ObjectDetector.Yolo.TF\ObjectDetector.Yolo.TF.csproj", "{00E2B692-105F-444A-9F56-6F9B6CAE82A8}"
EndProject
Global
	GlobalSection(SolutionConfigurationPlatforms) = preSolution
		Debug|Any CPU = Debug|Any CPU
		Release|Any CPU = Release|Any CPU
	EndGlobalSection
	GlobalSection(ProjectConfigurationPlatforms) = postSolution
		{3B336A6D-8BE4-48B6-9C07-7878AED5FB98}.Debug|Any CPU.ActiveCfg = Debug|Any CPU
		{3B336A6D-8BE4-48B6-9C07-7878AED5FB98}.Debug|Any CPU.Build.0 = Debug|Any CPU
		{3B336A6D-8BE4-48B6-9C07-7878AED5FB98}.Release|Any CPU.ActiveCfg = Release|Any CPU
		{3B336A6D-8BE4-48B6-9C07-7878AED5FB98}.Release|Any CPU.Build.0 = Release|Any CPU
		{AF27ACC5-0D90-4642-9962-8215BC36A1EC}.Debug|Any CPU.ActiveCfg = Debug|Any CPU
		{AF27ACC5-0D90-4642-9962-8215BC36A1EC}.Debug|Any CPU.Build.0 = Debug|Any CPU
		{AF27ACC5-0D90-4642-9962-8215BC36A1EC}.Release|Any CPU.ActiveCfg = Release|Any CPU
		{AF27ACC5-0D90-4642-9962-8215BC36A1EC}.Release|Any CPU.Build.0 = Release|Any CPU
		{AB9B5F7D-7F64-446F-8CFA-6BA9E2263F60}.Debug|Any CPU.ActiveCfg = Debug|Any CPU
		{AB9B5F7D-7F64-446F-8CFA-6BA9E2263F60}.Debug|Any CPU.Build.0 = Debug|Any CPU
		{AB9B5F7D-7F64-446F-8CFA-6BA9E2263F60}.Release|Any CPU.ActiveCfg = Release|Any CPU
		{AB9B5F7D-7F64-446F-8CFA-6BA9E2263F60}.Release|Any CPU.Build.0 = Release|Any CPU
		{ED0C406A-DF7A-46D9-BE68-0425E329DA2F}.Debug|Any CPU.ActiveCfg = Debug|Any CPU
		{ED0C406A-DF7A-46D9-BE68-0425E329DA2F}.Debug|Any CPU.Build.0 = Debug|Any CPU
		{ED0C406A-DF7A-46D9-BE68-0425E329DA2F}.Release|Any CPU.ActiveCfg = Release|Any CPU
		{ED0C406A-DF7A-46D9-BE68-0425E329DA2F}.Release|Any CPU.Build.0 = Release|Any CPU
		{2855382F-17EB-4CC9-97DF-2FEA535E02E0}.Debug|Any CPU.ActiveCfg = Debug|Any CPU
		{2855382F-17EB-4CC9-97DF-2FEA535E02E0}.Debug|Any CPU.Build.0 = Debug|Any CPU
		{2855382F-17EB-4CC9-97DF-2FEA535E02E0}.Release|Any CPU.ActiveCfg = Release|Any CPU
		{2855382F-17EB-4CC9-97DF-2FEA535E02E0}.Release|Any CPU.Build.0 = Release|Any CPU
		{A067D862-81D5-4A92-8DCE-247BDCE28E7F}.Debug|Any CPU.ActiveCfg = Debug|Any CPU
		{A067D862-81D5-4A92-8DCE-247BDCE28E7F}.Debug|Any CPU.Build.0 = Debug|Any CPU
		{A067D862-81D5-4A92-8DCE-247BDCE28E7F}.Release|Any CPU.ActiveCfg = Release|Any CPU
		{A067D862-81D5-4A92-8DCE-247BDCE28E7F}.Release|Any CPU.Build.0 = Release|Any CPU
		{0D5934F9-45EE-4415-9204-23A63ED52EA2}.Debug|Any CPU.ActiveCfg = Debug|Any CPU
		{0D5934F9-45EE-4415-9204-23A63ED52EA2}.Debug|Any CPU.Build.0 = Debug|Any CPU
		{0D5934F9-45EE-4415-9204-23A63ED52EA2}.Release|Any CPU.ActiveCfg = Release|Any CPU
		{0D5934F9-45EE-4415-9204-23A63ED52EA2}.Release|Any CPU.Build.0 = Release|Any CPU
		{06B1208A-A1B7-4945-958D-876EB966D70A}.Debug|Any CPU.ActiveCfg = Debug|Any CPU
		{06B1208A-A1B7-4945-958D-876EB966D70A}.Debug|Any CPU.Build.0 = Debug|Any CPU
		{06B1208A-A1B7-4945-958D-876EB966D70A}.Release|Any CPU.ActiveCfg = Release|Any CPU
		{06B1208A-A1B7-4945-958D-876EB966D70A}.Release|Any CPU.Build.0 = Release|Any CPU
		{295EA63C-9A9B-4A03-9EF5-C3EBD2E0C2FD}.Debug|Any CPU.ActiveCfg = Debug|Any CPU
		{295EA63C-9A9B-4A03-9EF5-C3EBD2E0C2FD}.Debug|Any CPU.Build.0 = Debug|Any CPU
		{295EA63C-9A9B-4A03-9EF5-C3EBD2E0C2FD}.Release|Any CPU.ActiveCfg = Release|Any CPU
		{295EA63C-9A9B-4A03-9EF5-C3EBD2E0C2FD}.Release|Any CPU.Build.0 = Release|Any CPU
		{0DA97365-BAC1-4470-AE1A-946D5D3B14DE}.Debug|Any CPU.ActiveCfg = Debug|Any CPU
		{0DA97365-BAC1-4470-AE1A-946D5D3B14DE}.Debug|Any CPU.Build.0 = Debug|Any CPU
		{0DA97365-BAC1-4470-AE1A-946D5D3B14DE}.Release|Any CPU.ActiveCfg = Release|Any CPU
		{0DA97365-BAC1-4470-AE1A-946D5D3B14DE}.Release|Any CPU.Build.0 = Release|Any CPU
		{00E2B692-105F-444A-9F56-6F9B6CAE82A8}.Debug|Any CPU.ActiveCfg = Debug|Any CPU
		{00E2B692-105F-444A-9F56-6F9B6CAE82A8}.Debug|Any CPU.Build.0 = Debug|Any CPU
		{00E2B692-105F-444A-9F56-6F9B6CAE82A8}.Release|Any CPU.ActiveCfg = Release|Any CPU
		{00E2B692-105F-444A-9F56-6F9B6CAE82A8}.Release|Any CPU.Build.0 = Release|Any CPU
	EndGlobalSection
	GlobalSection(NestedProjects) = preSolution
		{5F89E7D3-8B82-4B9A-9B83-92ABDF2C760B} = {25EF701F-4A51-4B42-9468-CD884452D738}
		{3B336A6D-8BE4-48B6-9C07-7878AED5FB98} = {5F89E7D3-8B82-4B9A-9B83-92ABDF2C760B}
		{0D5934F9-45EE-4415-9204-23A63ED52EA2} = {5F89E7D3-8B82-4B9A-9B83-92ABDF2C760B}
		{06B1208A-A1B7-4945-958D-876EB966D70A} = {5F89E7D3-8B82-4B9A-9B83-92ABDF2C760B}
		{ED0C406A-DF7A-46D9-BE68-0425E329DA2F} = {5F89E7D3-8B82-4B9A-9B83-92ABDF2C760B}
		{AF27ACC5-0D90-4642-9962-8215BC36A1EC} = {CA1C59C4-7056-40B0-B784-E335E6175C2C}
		{931A47EA-A1CB-46B3-BEC0-D79968614689} = {25EF701F-4A51-4B42-9468-CD884452D738}
		{2855382F-17EB-4CC9-97DF-2FEA535E02E0} = {931A47EA-A1CB-46B3-BEC0-D79968614689}
		{A067D862-81D5-4A92-8DCE-247BDCE28E7F} = {931A47EA-A1CB-46B3-BEC0-D79968614689}
		{AB9B5F7D-7F64-446F-8CFA-6BA9E2263F60} = {931A47EA-A1CB-46B3-BEC0-D79968614689}
		{295EA63C-9A9B-4A03-9EF5-C3EBD2E0C2FD} = {5F89E7D3-8B82-4B9A-9B83-92ABDF2C760B}
		{0DA97365-BAC1-4470-AE1A-946D5D3B14DE} = {931A47EA-A1CB-46B3-BEC0-D79968614689}
		{00E2B692-105F-444A-9F56-6F9B6CAE82A8} = {5F89E7D3-8B82-4B9A-9B83-92ABDF2C760B}
	EndGlobalSection
EndGlobal
