
Microsoft Visual Studio Solution File, Format Version 12.00
#
Project("{2150E333-8FDC-42A3-9474-1A3956D46DE8}") = "Source", "Source", "{AAB8EC46-210A-4013-B558-FFDD0642028E}"
EndProject
Project("{FAE04EC0-301F-11D3-BF4B-00C04F79EFBC}") = "CompreFace.Sdk", "Source\CompreFace.Sdk\CompreFace.Sdk.csproj", "{CCFEE37A-A14C-4230-83D9-88EE87BAE3A9}"
EndProject
Project("{FAE04EC0-301F-11D3-BF4B-00C04F79EFBC}") = "ImageRunner", "Source\ImageRunner\ImageRunner.csproj", "{33D0E73A-3B0A-4E73-A2B0-CFF8278731DB}"
EndProject
Project("{FAE04EC0-301F-11D3-BF4B-00C04F79EFBC}") = "ObjectDetector", "Source\ObjectDetector\ObjectDetector.csproj", "{12C8FC51-5B15-48EA-9BD5-CFC1AF431711}"
EndProject
Project("{FAE04EC0-301F-11D3-BF4B-00C04F79EFBC}") = "ObjectDetector.WebApi", "Source\ObjectDetector.WebApi\ObjectDetector.WebApi.csproj", "{E917F66B-A667-4E7A-837A-CF48FB5BFA70}"
EndProject
Project("{FAE04EC0-301F-11D3-BF4B-00C04F79EFBC}") = "ObjectDetector.Yolo.Onnx", "Source\ObjectDetector.Yolo.Onnx\ObjectDetector.Yolo.Onnx.csproj", "{06797940-8889-4215-AB58-1B55889B02F6}"
EndProject
Project("{FAE04EC0-301F-11D3-BF4B-00C04F79EFBC}") = "ObjectDetector.Yolo.TF", "Source\ObjectDetector.Yolo.TF\ObjectDetector.Yolo.TF.csproj", "{CFEA77AF-A172-4709-9B27-47E20392679B}"
EndProject
Project("{FAE04EC0-301F-11D3-BF4B-00C04F79EFBC}") = "SmartLock.Config", "Source\SmartLock.Config\SmartLock.Config.csproj", "{BB30B53F-E3FF-410D-B700-7A73B071A003}"
EndProject
Project("{FAE04EC0-301F-11D3-BF4B-00C04F79EFBC}") = "SmartLock.GrainInterfaces", "Source\SmartLock.GrainInterfaces\SmartLock.GrainInterfaces.csproj", "{9EB6AF7A-A311-48C7-966C-2CF33D298534}"
EndProject
Project("{FAE04EC0-301F-11D3-BF4B-00C04F79EFBC}") = "SmartLock.Grains", "Source\SmartLock.Grains\SmartLock.Grains.csproj", "{AAB826A2-625C-4FF4-BEF7-3633A2BC5FA1}"
EndProject
Project("{FAE04EC0-301F-11D3-BF4B-00C04F79EFBC}") = "SmartLock.Orleans.Core", "Source\SmartLock.Orleans.Core\SmartLock.Orleans.Core.csproj", "{211AC623-985C-4D27-8AFB-F9192A2FA245}"
EndProject
Project("{FAE04EC0-301F-11D3-BF4B-00C04F79EFBC}") = "SmartLock.Silo", "Source\SmartLock.Silo\SmartLock.Silo.csproj", "{5F79F9B8-98C0-4080-8C9A-17CD7F27724D}"
EndProject
Project("{FAE04EC0-301F-11D3-BF4B-00C04F79EFBC}") = "SmartLock.Streams.RabbitMQ", "Source\SmartLock.Streams.RabbitMQ\SmartLock.Streams.RabbitMQ.csproj", "{AF67529F-729B-49C5-9A8E-519D9EC4BA97}"
EndProject
Project("{FAE04EC0-301F-11D3-BF4B-00C04F79EFBC}") = "Webcam", "Source\Webcam\Webcam.csproj", "{3615268E-44CA-4D7B-9717-51F2AB79301A}"
EndProject
Project("{FAE04EC0-301F-11D3-BF4B-00C04F79EFBC}") = "WebCamCF", "Source\WebCamCF\WebCamCF.csproj", "{12AB3972-BDDC-4FD3-B3DC-908B91A31275}"
EndProject
Project("{FAE04EC0-301F-11D3-BF4B-00C04F79EFBC}") = "Yolo.Core", "Source\Yolo.Core\Yolo.Core.csproj", "{645110F5-F6CE-4979-BD9B-8B8AA8AA2E77}"
EndProject
Project("{2150E333-8FDC-42A3-9474-1A3956D46DE8}") = "Tests", "Tests", "{650F5CEF-D8FB-430D-BDCF-8674055E784A}"
EndProject
Project("{FAE04EC0-301F-11D3-BF4B-00C04F79EFBC}") = "CompreFace.Sdk.Tests", "Tests\CompreFace.Sdk.Tests\CompreFace.Sdk.Tests.csproj", "{D83124BB-D605-4F5E-8456-0A5488A12592}"
EndProject
Project("{FAE04EC0-301F-11D3-BF4B-00C04F79EFBC}") = "SmartLock.Grains.Tests", "Tests\SmartLock.Grains.Tests\SmartLock.Grains.Tests.csproj", "{63CFE1A9-A635-434E-BD4A-22ACA44FFB13}"
EndProject
Project("{FAE04EC0-301F-11D3-BF4B-00C04F79EFBC}") = "Tests.Shared", "Tests\Tests.Shared\Tests.Shared.csproj", "{3942E913-5DF6-4C3C-9DA5-DF2E7D25CD69}"
EndProject
Project("{2150E333-8FDC-42A3-9474-1A3956D46DE8}") = "Services", "Services", "{51AB2541-1B31-4528-ADB6-BCFF8200D3ED}"
EndProject
Project("{2150E333-8FDC-42A3-9474-1A3956D46DE8}") = "Modules", "Modules", "{8B7D5D23-EA43-4034-9237-291BF631C13F}"
EndProject
Project("{2150E333-8FDC-42A3-9474-1A3956D46DE8}") = "SmartLock", "SmartLock", "{EFF48112-1C06-4B90-A142-BA34E82B0B36}"
EndProject
Project("{2150E333-8FDC-42A3-9474-1A3956D46DE8}") = "CompreFace", "CompreFace", "{86BCAE26-E411-44D3-9CF2-5C7DBDCE9300}"
EndProject
Project("{FAE04EC0-301F-11D3-BF4B-00C04F79EFBC}") = "SmartLock.WebApi", "Source\SmartLock.WebApi\SmartLock.WebApi.csproj", "{07D8FCCB-F336-4450-9F50-70D1CBE7C6F0}"
EndProject
Project("{FAE04EC0-301F-11D3-BF4B-00C04F79EFBC}") = "SmartLock.Client", "Source\SmartLock.Client\SmartLock.Client.csproj", "{C471DC0B-3279-4484-9890-2D55FCEBC1DC}"
EndProject
Project("{FAE04EC0-301F-11D3-BF4B-00C04F79EFBC}") = "SmartLock.SignalR", "Source\SmartLock.SignalR\SmartLock.SignalR.csproj", "{6B6E3E8F-66AA-403A-BADB-A19E15257980}"
EndProject
Project("{2150E333-8FDC-42A3-9474-1A3956D46DE8}") = "UI", "UI", "{61A5E365-E68F-4BDD-8E5C-F7B5C160C68A}"
EndProject
Project("{FAE04EC0-301F-11D3-BF4B-00C04F79EFBC}") = "SmartLock.UI", "Source\SmartLock.UI\SmartLock.UI.csproj", "{1E738976-B127-49D6-A25B-C936E5DE649F}"
EndProject
Global
	GlobalSection(SolutionConfigurationPlatforms) = preSolution
		Debug|Any CPU = Debug|Any CPU
		Release|Any CPU = Release|Any CPU
	EndGlobalSection
	GlobalSection(ProjectConfigurationPlatforms) = postSolution
		{CCFEE37A-A14C-4230-83D9-88EE87BAE3A9}.Debug|Any CPU.ActiveCfg = Debug|Any CPU
		{CCFEE37A-A14C-4230-83D9-88EE87BAE3A9}.Debug|Any CPU.Build.0 = Debug|Any CPU
		{CCFEE37A-A14C-4230-83D9-88EE87BAE3A9}.Release|Any CPU.ActiveCfg = Release|Any CPU
		{CCFEE37A-A14C-4230-83D9-88EE87BAE3A9}.Release|Any CPU.Build.0 = Release|Any CPU
		{33D0E73A-3B0A-4E73-A2B0-CFF8278731DB}.Debug|Any CPU.ActiveCfg = Debug|Any CPU
		{33D0E73A-3B0A-4E73-A2B0-CFF8278731DB}.Debug|Any CPU.Build.0 = Debug|Any CPU
		{33D0E73A-3B0A-4E73-A2B0-CFF8278731DB}.Release|Any CPU.ActiveCfg = Release|Any CPU
		{33D0E73A-3B0A-4E73-A2B0-CFF8278731DB}.Release|Any CPU.Build.0 = Release|Any CPU
		{12C8FC51-5B15-48EA-9BD5-CFC1AF431711}.Debug|Any CPU.ActiveCfg = Debug|Any CPU
		{12C8FC51-5B15-48EA-9BD5-CFC1AF431711}.Debug|Any CPU.Build.0 = Debug|Any CPU
		{12C8FC51-5B15-48EA-9BD5-CFC1AF431711}.Release|Any CPU.ActiveCfg = Release|Any CPU
		{12C8FC51-5B15-48EA-9BD5-CFC1AF431711}.Release|Any CPU.Build.0 = Release|Any CPU
		{E917F66B-A667-4E7A-837A-CF48FB5BFA70}.Debug|Any CPU.ActiveCfg = Debug|Any CPU
		{E917F66B-A667-4E7A-837A-CF48FB5BFA70}.Debug|Any CPU.Build.0 = Debug|Any CPU
		{E917F66B-A667-4E7A-837A-CF48FB5BFA70}.Release|Any CPU.ActiveCfg = Release|Any CPU
		{E917F66B-A667-4E7A-837A-CF48FB5BFA70}.Release|Any CPU.Build.0 = Release|Any CPU
		{06797940-8889-4215-AB58-1B55889B02F6}.Debug|Any CPU.ActiveCfg = Debug|Any CPU
		{06797940-8889-4215-AB58-1B55889B02F6}.Debug|Any CPU.Build.0 = Debug|Any CPU
		{06797940-8889-4215-AB58-1B55889B02F6}.Release|Any CPU.ActiveCfg = Release|Any CPU
		{06797940-8889-4215-AB58-1B55889B02F6}.Release|Any CPU.Build.0 = Release|Any CPU
		{CFEA77AF-A172-4709-9B27-47E20392679B}.Debug|Any CPU.ActiveCfg = Debug|Any CPU
		{CFEA77AF-A172-4709-9B27-47E20392679B}.Debug|Any CPU.Build.0 = Debug|Any CPU
		{CFEA77AF-A172-4709-9B27-47E20392679B}.Release|Any CPU.ActiveCfg = Release|Any CPU
		{CFEA77AF-A172-4709-9B27-47E20392679B}.Release|Any CPU.Build.0 = Release|Any CPU
		{BB30B53F-E3FF-410D-B700-7A73B071A003}.Debug|Any CPU.ActiveCfg = Debug|Any CPU
		{BB30B53F-E3FF-410D-B700-7A73B071A003}.Debug|Any CPU.Build.0 = Debug|Any CPU
		{BB30B53F-E3FF-410D-B700-7A73B071A003}.Release|Any CPU.ActiveCfg = Release|Any CPU
		{BB30B53F-E3FF-410D-B700-7A73B071A003}.Release|Any CPU.Build.0 = Release|Any CPU
		{9EB6AF7A-A311-48C7-966C-2CF33D298534}.Debug|Any CPU.ActiveCfg = Debug|Any CPU
		{9EB6AF7A-A311-48C7-966C-2CF33D298534}.Debug|Any CPU.Build.0 = Debug|Any CPU
		{9EB6AF7A-A311-48C7-966C-2CF33D298534}.Release|Any CPU.ActiveCfg = Release|Any CPU
		{9EB6AF7A-A311-48C7-966C-2CF33D298534}.Release|Any CPU.Build.0 = Release|Any CPU
		{AAB826A2-625C-4FF4-BEF7-3633A2BC5FA1}.Debug|Any CPU.ActiveCfg = Debug|Any CPU
		{AAB826A2-625C-4FF4-BEF7-3633A2BC5FA1}.Debug|Any CPU.Build.0 = Debug|Any CPU
		{AAB826A2-625C-4FF4-BEF7-3633A2BC5FA1}.Release|Any CPU.ActiveCfg = Release|Any CPU
		{AAB826A2-625C-4FF4-BEF7-3633A2BC5FA1}.Release|Any CPU.Build.0 = Release|Any CPU
		{211AC623-985C-4D27-8AFB-F9192A2FA245}.Debug|Any CPU.ActiveCfg = Debug|Any CPU
		{211AC623-985C-4D27-8AFB-F9192A2FA245}.Debug|Any CPU.Build.0 = Debug|Any CPU
		{211AC623-985C-4D27-8AFB-F9192A2FA245}.Release|Any CPU.ActiveCfg = Release|Any CPU
		{211AC623-985C-4D27-8AFB-F9192A2FA245}.Release|Any CPU.Build.0 = Release|Any CPU
		{5F79F9B8-98C0-4080-8C9A-17CD7F27724D}.Debug|Any CPU.ActiveCfg = Debug|Any CPU
		{5F79F9B8-98C0-4080-8C9A-17CD7F27724D}.Debug|Any CPU.Build.0 = Debug|Any CPU
		{5F79F9B8-98C0-4080-8C9A-17CD7F27724D}.Release|Any CPU.ActiveCfg = Release|Any CPU
		{5F79F9B8-98C0-4080-8C9A-17CD7F27724D}.Release|Any CPU.Build.0 = Release|Any CPU
		{AF67529F-729B-49C5-9A8E-519D9EC4BA97}.Debug|Any CPU.ActiveCfg = Debug|Any CPU
		{AF67529F-729B-49C5-9A8E-519D9EC4BA97}.Debug|Any CPU.Build.0 = Debug|Any CPU
		{AF67529F-729B-49C5-9A8E-519D9EC4BA97}.Release|Any CPU.ActiveCfg = Release|Any CPU
		{AF67529F-729B-49C5-9A8E-519D9EC4BA97}.Release|Any CPU.Build.0 = Release|Any CPU
		{3615268E-44CA-4D7B-9717-51F2AB79301A}.Debug|Any CPU.ActiveCfg = Debug|Any CPU
		{3615268E-44CA-4D7B-9717-51F2AB79301A}.Debug|Any CPU.Build.0 = Debug|Any CPU
		{3615268E-44CA-4D7B-9717-51F2AB79301A}.Release|Any CPU.ActiveCfg = Release|Any CPU
		{3615268E-44CA-4D7B-9717-51F2AB79301A}.Release|Any CPU.Build.0 = Release|Any CPU
		{12AB3972-BDDC-4FD3-B3DC-908B91A31275}.Debug|Any CPU.ActiveCfg = Debug|Any CPU
		{12AB3972-BDDC-4FD3-B3DC-908B91A31275}.Debug|Any CPU.Build.0 = Debug|Any CPU
		{12AB3972-BDDC-4FD3-B3DC-908B91A31275}.Release|Any CPU.ActiveCfg = Release|Any CPU
		{12AB3972-BDDC-4FD3-B3DC-908B91A31275}.Release|Any CPU.Build.0 = Release|Any CPU
		{645110F5-F6CE-4979-BD9B-8B8AA8AA2E77}.Debug|Any CPU.ActiveCfg = Debug|Any CPU
		{645110F5-F6CE-4979-BD9B-8B8AA8AA2E77}.Debug|Any CPU.Build.0 = Debug|Any CPU
		{645110F5-F6CE-4979-BD9B-8B8AA8AA2E77}.Release|Any CPU.ActiveCfg = Release|Any CPU
		{645110F5-F6CE-4979-BD9B-8B8AA8AA2E77}.Release|Any CPU.Build.0 = Release|Any CPU
		{D83124BB-D605-4F5E-8456-0A5488A12592}.Debug|Any CPU.ActiveCfg = Debug|Any CPU
		{D83124BB-D605-4F5E-8456-0A5488A12592}.Debug|Any CPU.Build.0 = Debug|Any CPU
		{D83124BB-D605-4F5E-8456-0A5488A12592}.Release|Any CPU.ActiveCfg = Release|Any CPU
		{D83124BB-D605-4F5E-8456-0A5488A12592}.Release|Any CPU.Build.0 = Release|Any CPU
		{63CFE1A9-A635-434E-BD4A-22ACA44FFB13}.Debug|Any CPU.ActiveCfg = Debug|Any CPU
		{63CFE1A9-A635-434E-BD4A-22ACA44FFB13}.Debug|Any CPU.Build.0 = Debug|Any CPU
		{63CFE1A9-A635-434E-BD4A-22ACA44FFB13}.Release|Any CPU.ActiveCfg = Release|Any CPU
		{63CFE1A9-A635-434E-BD4A-22ACA44FFB13}.Release|Any CPU.Build.0 = Release|Any CPU
		{3942E913-5DF6-4C3C-9DA5-DF2E7D25CD69}.Debug|Any CPU.ActiveCfg = Debug|Any CPU
		{3942E913-5DF6-4C3C-9DA5-DF2E7D25CD69}.Debug|Any CPU.Build.0 = Debug|Any CPU
		{3942E913-5DF6-4C3C-9DA5-DF2E7D25CD69}.Release|Any CPU.ActiveCfg = Release|Any CPU
		{3942E913-5DF6-4C3C-9DA5-DF2E7D25CD69}.Release|Any CPU.Build.0 = Release|Any CPU
		{07D8FCCB-F336-4450-9F50-70D1CBE7C6F0}.Debug|Any CPU.ActiveCfg = Debug|Any CPU
		{07D8FCCB-F336-4450-9F50-70D1CBE7C6F0}.Debug|Any CPU.Build.0 = Debug|Any CPU
		{07D8FCCB-F336-4450-9F50-70D1CBE7C6F0}.Release|Any CPU.ActiveCfg = Release|Any CPU
		{07D8FCCB-F336-4450-9F50-70D1CBE7C6F0}.Release|Any CPU.Build.0 = Release|Any CPU
		{C471DC0B-3279-4484-9890-2D55FCEBC1DC}.Debug|Any CPU.ActiveCfg = Debug|Any CPU
		{C471DC0B-3279-4484-9890-2D55FCEBC1DC}.Debug|Any CPU.Build.0 = Debug|Any CPU
		{C471DC0B-3279-4484-9890-2D55FCEBC1DC}.Release|Any CPU.ActiveCfg = Release|Any CPU
		{C471DC0B-3279-4484-9890-2D55FCEBC1DC}.Release|Any CPU.Build.0 = Release|Any CPU
		{6B6E3E8F-66AA-403A-BADB-A19E15257980}.Debug|Any CPU.ActiveCfg = Debug|Any CPU
		{6B6E3E8F-66AA-403A-BADB-A19E15257980}.Debug|Any CPU.Build.0 = Debug|Any CPU
		{6B6E3E8F-66AA-403A-BADB-A19E15257980}.Release|Any CPU.ActiveCfg = Release|Any CPU
		{6B6E3E8F-66AA-403A-BADB-A19E15257980}.Release|Any CPU.Build.0 = Release|Any CPU
		{1E738976-B127-49D6-A25B-C936E5DE649F}.Debug|Any CPU.ActiveCfg = Debug|Any CPU
		{1E738976-B127-49D6-A25B-C936E5DE649F}.Debug|Any CPU.Build.0 = Debug|Any CPU
		{1E738976-B127-49D6-A25B-C936E5DE649F}.Release|Any CPU.ActiveCfg = Release|Any CPU
		{1E738976-B127-49D6-A25B-C936E5DE649F}.Release|Any CPU.Build.0 = Release|Any CPU
	EndGlobalSection
	GlobalSection(NestedProjects) = preSolution
		{D83124BB-D605-4F5E-8456-0A5488A12592} = {650F5CEF-D8FB-430D-BDCF-8674055E784A}
		{63CFE1A9-A635-434E-BD4A-22ACA44FFB13} = {650F5CEF-D8FB-430D-BDCF-8674055E784A}
		{3942E913-5DF6-4C3C-9DA5-DF2E7D25CD69} = {650F5CEF-D8FB-430D-BDCF-8674055E784A}
		{51AB2541-1B31-4528-ADB6-BCFF8200D3ED} = {AAB8EC46-210A-4013-B558-FFDD0642028E}
		{33D0E73A-3B0A-4E73-A2B0-CFF8278731DB} = {51AB2541-1B31-4528-ADB6-BCFF8200D3ED}
		{12AB3972-BDDC-4FD3-B3DC-908B91A31275} = {51AB2541-1B31-4528-ADB6-BCFF8200D3ED}
		{5F79F9B8-98C0-4080-8C9A-17CD7F27724D} = {51AB2541-1B31-4528-ADB6-BCFF8200D3ED}
		{8B7D5D23-EA43-4034-9237-291BF631C13F} = {AAB8EC46-210A-4013-B558-FFDD0642028E}
		{E917F66B-A667-4E7A-837A-CF48FB5BFA70} = {8B7D5D23-EA43-4034-9237-291BF631C13F}
		{06797940-8889-4215-AB58-1B55889B02F6} = {8B7D5D23-EA43-4034-9237-291BF631C13F}
		{CFEA77AF-A172-4709-9B27-47E20392679B} = {8B7D5D23-EA43-4034-9237-291BF631C13F}
		{645110F5-F6CE-4979-BD9B-8B8AA8AA2E77} = {8B7D5D23-EA43-4034-9237-291BF631C13F}
		{3615268E-44CA-4D7B-9717-51F2AB79301A} = {8B7D5D23-EA43-4034-9237-291BF631C13F}
		{12C8FC51-5B15-48EA-9BD5-CFC1AF431711} = {8B7D5D23-EA43-4034-9237-291BF631C13F}
		{EFF48112-1C06-4B90-A142-BA34E82B0B36} = {8B7D5D23-EA43-4034-9237-291BF631C13F}
		{BB30B53F-E3FF-410D-B700-7A73B071A003} = {EFF48112-1C06-4B90-A142-BA34E82B0B36}
		{9EB6AF7A-A311-48C7-966C-2CF33D298534} = {EFF48112-1C06-4B90-A142-BA34E82B0B36}
		{AAB826A2-625C-4FF4-BEF7-3633A2BC5FA1} = {EFF48112-1C06-4B90-A142-BA34E82B0B36}
		{211AC623-985C-4D27-8AFB-F9192A2FA245} = {EFF48112-1C06-4B90-A142-BA34E82B0B36}
		{AF67529F-729B-49C5-9A8E-519D9EC4BA97} = {EFF48112-1C06-4B90-A142-BA34E82B0B36}
		{86BCAE26-E411-44D3-9CF2-5C7DBDCE9300} = {8B7D5D23-EA43-4034-9237-291BF631C13F}
		{CCFEE37A-A14C-4230-83D9-88EE87BAE3A9} = {86BCAE26-E411-44D3-9CF2-5C7DBDCE9300}
		{07D8FCCB-F336-4450-9F50-70D1CBE7C6F0} = {51AB2541-1B31-4528-ADB6-BCFF8200D3ED}
		{C471DC0B-3279-4484-9890-2D55FCEBC1DC} = {EFF48112-1C06-4B90-A142-BA34E82B0B36}
		{6B6E3E8F-66AA-403A-BADB-A19E15257980} = {51AB2541-1B31-4528-ADB6-BCFF8200D3ED}
		{61A5E365-E68F-4BDD-8E5C-F7B5C160C68A} = {AAB8EC46-210A-4013-B558-FFDD0642028E}
		{1E738976-B127-49D6-A25B-C936E5DE649F} = {61A5E365-E68F-4BDD-8E5C-F7B5C160C68A}
	EndGlobalSection
EndGlobal
